// !$*UTF8*$!
{
	archiveVersion = 1;
	classes = {
	};
	objectVersion = 50;
	objects = {

/* Begin PBXBuildFile section */
		ACFACB8721A5979A00C335A0 /* exercice_3.swift in Sources */ = {isa = PBXBuildFile; fileRef = ACFACB8621A5979A00C335A0 /* exercice_3.swift */; };
		BA49C31621B02D6A00CAFB66 /* exercice_4.swift in Sources */ = {isa = PBXBuildFile; fileRef = BA49C31521B02D6A00CAFB66 /* exercice_4.swift */; };
		BA49C31821B03E5E00CAFB66 /* exercice_5.swift in Sources */ = {isa = PBXBuildFile; fileRef = BA49C31721B03E5E00CAFB66 /* exercice_5.swift */; };
		FAA058CD2195C6C200425EBC /* main.swift in Sources */ = {isa = PBXBuildFile; fileRef = FAA058CC2195C6C200425EBC /* main.swift */; };
		FAA058D42195C7E800425EBC /* exercice_1.swift in Sources */ = {isa = PBXBuildFile; fileRef = FAA058D32195C7E800425EBC /* exercice_1.swift */; };
		FAA058D62195DB5700425EBC /* exercice_2.swift in Sources */ = {isa = PBXBuildFile; fileRef = FAA058D52195DB5700425EBC /* exercice_2.swift */; };
/* End PBXBuildFile section */

/* Begin PBXCopyFilesBuildPhase section */
		FAA058C72195C6C200425EBC /* CopyFiles */ = {
			isa = PBXCopyFilesBuildPhase;
			buildActionMask = 2147483647;
			dstPath = /usr/share/man/man1/;
			dstSubfolderSpec = 0;
			files = (
			);
			runOnlyForDeploymentPostprocessing = 1;
		};
/* End PBXCopyFilesBuildPhase section */

/* Begin PBXFileReference section */
		ACFACB8621A5979A00C335A0 /* exercice_3.swift */ = {isa = PBXFileReference; lastKnownFileType = sourcecode.swift; path = exercice_3.swift; sourceTree = "<group>"; };
		BA49C31521B02D6A00CAFB66 /* exercice_4.swift */ = {isa = PBXFileReference; lastKnownFileType = sourcecode.swift; path = exercice_4.swift; sourceTree = "<group>"; };
		BA49C31721B03E5E00CAFB66 /* exercice_5.swift */ = {isa = PBXFileReference; lastKnownFileType = sourcecode.swift; path = exercice_5.swift; sourceTree = "<group>"; };
		FAA058C92195C6C200425EBC /* exercices */ = {isa = PBXFileReference; explicitFileType = "compiled.mach-o.executable"; includeInIndex = 0; path = exercices; sourceTree = BUILT_PRODUCTS_DIR; };
		FAA058CC2195C6C200425EBC /* main.swift */ = {isa = PBXFileReference; lastKnownFileType = sourcecode.swift; path = main.swift; sourceTree = "<group>"; };
		FAA058D32195C7E800425EBC /* exercice_1.swift */ = {isa = PBXFileReference; lastKnownFileType = sourcecode.swift; path = exercice_1.swift; sourceTree = "<group>"; };
		FAA058D52195DB5700425EBC /* exercice_2.swift */ = {isa = PBXFileReference; lastKnownFileType = sourcecode.swift; path = exercice_2.swift; sourceTree = "<group>"; };
/* End PBXFileReference section */

/* Begin PBXFrameworksBuildPhase section */
		FAA058C62195C6C200425EBC /* Frameworks */ = {
			isa = PBXFrameworksBuildPhase;
			buildActionMask = 2147483647;
			files = (
			);
			runOnlyForDeploymentPostprocessing = 0;
		};
/* End PBXFrameworksBuildPhase section */

/* Begin PBXGroup section */
		FAA058C02195C6C200425EBC = {
			isa = PBXGroup;
			children = (
				FAA058CB2195C6C200425EBC /* exercices */,
				FAA058CA2195C6C200425EBC /* Products */,
			);
			sourceTree = "<group>";
		};
		FAA058CA2195C6C200425EBC /* Products */ = {
			isa = PBXGroup;
			children = (
				FAA058C92195C6C200425EBC /* exercices */,
			);
			name = Products;
			sourceTree = "<group>";
		};
		FAA058CB2195C6C200425EBC /* exercices */ = {
			isa = PBXGroup;
			children = (
				FAA058CC2195C6C200425EBC /* main.swift */,
				FAA058D32195C7E800425EBC /* exercice_1.swift */,
				FAA058D52195DB5700425EBC /* exercice_2.swift */,
				ACFACB8621A5979A00C335A0 /* exercice_3.swift */,
				BA49C31521B02D6A00CAFB66 /* exercice_4.swift */,
				BA49C31721B03E5E00CAFB66 /* exercice_5.swift */,
			);
			path = exercices;
			sourceTree = "<group>";
		};
/* End PBXGroup section */

/* Begin PBXNativeTarget section */
		FAA058C82195C6C200425EBC /* exercices */ = {
			isa = PBXNativeTarget;
			buildConfigurationList = FAA058D02195C6C200425EBC /* Build configuration list for PBXNativeTarget "exercices" */;
			buildPhases = (
				FAA058C52195C6C200425EBC /* Sources */,
				FAA058C62195C6C200425EBC /* Frameworks */,
				FAA058C72195C6C200425EBC /* CopyFiles */,
			);
			buildRules = (
			);
			dependencies = (
			);
			name = exercices;
			productName = exercices;
			productReference = FAA058C92195C6C200425EBC /* exercices */;
			productType = "com.apple.product-type.tool";
		};
/* End PBXNativeTarget section */

/* Begin PBXProject section */
		FAA058C12195C6C200425EBC /* Project object */ = {
			isa = PBXProject;
			attributes = {
				LastSwiftUpdateCheck = 0940;
				LastUpgradeCheck = 0940;
				ORGANIZATIONNAME = "SUP'Internet 04";
				TargetAttributes = {
					FAA058C82195C6C200425EBC = {
						CreatedOnToolsVersion = 9.4.1;
					};
				};
			};
			buildConfigurationList = FAA058C42195C6C200425EBC /* Build configuration list for PBXProject "exercices" */;
			compatibilityVersion = "Xcode 9.3";
			developmentRegion = en;
			hasScannedForEncodings = 0;
			knownRegions = (
				en,
			);
			mainGroup = FAA058C02195C6C200425EBC;
			productRefGroup = FAA058CA2195C6C200425EBC /* Products */;
			projectDirPath = "";
			projectRoot = "";
			targets = (
				FAA058C82195C6C200425EBC /* exercices */,
			);
		};
/* End PBXProject section */

/* Begin PBXSourcesBuildPhase section */
		FAA058C52195C6C200425EBC /* Sources */ = {
			isa = PBXSourcesBuildPhase;
			buildActionMask = 2147483647;
			files = (
				BA49C31621B02D6A00CAFB66 /* exercice_4.swift in Sources */,
				FAA058D62195DB5700425EBC /* exercice_2.swift in Sources */,
				ACFACB8721A5979A00C335A0 /* exercice_3.swift in Sources */,
				BA49C31821B03E5E00CAFB66 /* exercice_5.swift in Sources */,
				FAA058CD2195C6C200425EBC /* main.swift in Sources */,
				FAA058D42195C7E800425EBC /* exercice_1.swift in Sources */,
			);
			runOnlyForDeploymentPostprocessing = 0;
		};
/* End PBXSourcesBuildPhase section */

/* Begin XCBuildConfiguration section */
		FAA058CE2195C6C200425EBC /* Debug */ = {
			isa = XCBuildConfiguration;
			buildSettings = {
				ALWAYS_SEARCH_USER_PATHS = NO;
				CLANG_ANALYZER_NONNULL = YES;
				CLANG_ANALYZER_NUMBER_OBJECT_CONVERSION = YES_AGGRESSIVE;
				CLANG_CXX_LANGUAGE_STANDARD = "gnu++14";
				CLANG_CXX_LIBRARY = "libc++";
				CLANG_ENABLE_MODULES = YES;
				CLANG_ENABLE_OBJC_ARC = YES;
				CLANG_ENABLE_OBJC_WEAK = YES;
				CLANG_WARN_BLOCK_CAPTURE_AUTORELEASING = YES;
				CLANG_WARN_BOOL_CONVERSION = YES;
				CLANG_WARN_COMMA = YES;
				CLANG_WARN_CONSTANT_CONVERSION = YES;
				CLANG_WARN_DEPRECATED_OBJC_IMPLEMENTATIONS = YES;
				CLANG_WARN_DIRECT_OBJC_ISA_USAGE = YES_ERROR;
				CLANG_WARN_DOCUMENTATION_COMMENTS = YES;
				CLANG_WARN_EMPTY_BODY = YES;
				CLANG_WARN_ENUM_CONVERSION = YES;
				CLANG_WARN_INFINITE_RECURSION = YES;
				CLANG_WARN_INT_CONVERSION = YES;
				CLANG_WARN_NON_LITERAL_NULL_CONVERSION = YES;
				CLANG_WARN_OBJC_IMPLICIT_RETAIN_SELF = YES;
				CLANG_WARN_OBJC_LITERAL_CONVERSION = YES;
				CLANG_WARN_OBJC_ROOT_CLASS = YES_ERROR;
				CLANG_WARN_RANGE_LOOP_ANALYSIS = YES;
				CLANG_WARN_STRICT_PROTOTYPES = YES;
				CLANG_WARN_SUSPICIOUS_MOVE = YES;
				CLANG_WARN_UNGUARDED_AVAILABILITY = YES_AGGRESSIVE;
				CLANG_WARN_UNREACHABLE_CODE = YES;
				CLANG_WARN__DUPLICATE_METHOD_MATCH = YES;
				CODE_SIGN_IDENTITY = "-";
				COPY_PHASE_STRIP = NO;
				DEBUG_INFORMATION_FORMAT = dwarf;
				ENABLE_STRICT_OBJC_MSGSEND = YES;
				ENABLE_TESTABILITY = YES;
				GCC_C_LANGUAGE_STANDARD = gnu11;
				GCC_DYNAMIC_NO_PIC = NO;
				GCC_NO_COMMON_BLOCKS = YES;
				GCC_OPTIMIZATION_LEVEL = 0;
				GCC_PREPROCESSOR_DEFINITIONS = (
					"DEBUG=1",
					"$(inherited)",
				);
				GCC_WARN_64_TO_32_BIT_CONVERSION = YES;
				GCC_WARN_ABOUT_RETURN_TYPE = YES_ERROR;
				GCC_WARN_UNDECLARED_SELECTOR = YES;
				GCC_WARN_UNINITIALIZED_AUTOS = YES_AGGRESSIVE;
				GCC_WARN_UNUSED_FUNCTION = YES;
				GCC_WARN_UNUSED_VARIABLE = YES;
				MACOSX_DEPLOYMENT_TARGET = 10.13;
				MTL_ENABLE_DEBUG_INFO = YES;
				ONLY_ACTIVE_ARCH = YES;
				SDKROOT = macosx;
				SWIFT_ACTIVE_COMPILATION_CONDITIONS = DEBUG;
				SWIFT_OPTIMIZATION_LEVEL = "-Onone";
			};
			name = Debug;
		};
		FAA058CF2195C6C200425EBC /* Release */ = {
			isa = XCBuildConfiguration;
			buildSettings = {
				ALWAYS_SEARCH_USER_PATHS = NO;
				CLANG_ANALYZER_NONNULL = YES;
				CLANG_ANALYZER_NUMBER_OBJECT_CONVERSION = YES_AGGRESSIVE;
				CLANG_CXX_LANGUAGE_STANDARD = "gnu++14";
				CLANG_CXX_LIBRARY = "libc++";
				CLANG_ENABLE_MODULES = YES;
				CLANG_ENABLE_OBJC_ARC = YES;
				CLANG_ENABLE_OBJC_WEAK = YES;
				CLANG_WARN_BLOCK_CAPTURE_AUTORELEASING = YES;
				CLANG_WARN_BOOL_CONVERSION = YES;
				CLANG_WARN_COMMA = YES;
				CLANG_WARN_CONSTANT_CONVERSION = YES;
				CLANG_WARN_DEPRECATED_OBJC_IMPLEMENTATIONS = YES;
				CLANG_WARN_DIRECT_OBJC_ISA_USAGE = YES_ERROR;
				CLANG_WARN_DOCUMENTATION_COMMENTS = YES;
				CLANG_WARN_EMPTY_BODY = YES;
				CLANG_WARN_ENUM_CONVERSION = YES;
				CLANG_WARN_INFINITE_RECURSION = YES;
				CLANG_WARN_INT_CONVERSION = YES;
				CLANG_WARN_NON_LITERAL_NULL_CONVERSION = YES;
				CLANG_WARN_OBJC_IMPLICIT_RETAIN_SELF = YES;
				CLANG_WARN_OBJC_LITERAL_CONVERSION = YES;
				CLANG_WARN_OBJC_ROOT_CLASS = YES_ERROR;
				CLANG_WARN_RANGE_LOOP_ANALYSIS = YES;
				CLANG_WARN_STRICT_PROTOTYPES = YES;
				CLANG_WARN_SUSPICIOUS_MOVE = YES;
				CLANG_WARN_UNGUARDED_AVAILABILITY = YES_AGGRESSIVE;
				CLANG_WARN_UNREACHABLE_CODE = YES;
				CLANG_WARN__DUPLICATE_METHOD_MATCH = YES;
				CODE_SIGN_IDENTITY = "-";
				COPY_PHASE_STRIP = NO;
				DEBUG_INFORMATION_FORMAT = "dwarf-with-dsym";
				ENABLE_NS_ASSERTIONS = NO;
				ENABLE_STRICT_OBJC_MSGSEND = YES;
				GCC_C_LANGUAGE_STANDARD = gnu11;
				GCC_NO_COMMON_BLOCKS = YES;
				GCC_WARN_64_TO_32_BIT_CONVERSION = YES;
				GCC_WARN_ABOUT_RETURN_TYPE = YES_ERROR;
				GCC_WARN_UNDECLARED_SELECTOR = YES;
				GCC_WARN_UNINITIALIZED_AUTOS = YES_AGGRESSIVE;
				GCC_WARN_UNUSED_FUNCTION = YES;
				GCC_WARN_UNUSED_VARIABLE = YES;
				MACOSX_DEPLOYMENT_TARGET = 10.13;
				MTL_ENABLE_DEBUG_INFO = NO;
				SDKROOT = macosx;
				SWIFT_COMPILATION_MODE = wholemodule;
				SWIFT_OPTIMIZATION_LEVEL = "-O";
			};
			name = Release;
		};
		FAA058D12195C6C200425EBC /* Debug */ = {
			isa = XCBuildConfiguration;
			buildSettings = {
				CODE_SIGN_STYLE = Automatic;
				PRODUCT_NAME = "$(TARGET_NAME)";
				SWIFT_VERSION = 4.0;
			};
			name = Debug;
		};
		FAA058D22195C6C200425EBC /* Release */ = {
			isa = XCBuildConfiguration;
			buildSettings = {
				CODE_SIGN_STYLE = Automatic;
				PRODUCT_NAME = "$(TARGET_NAME)";
				SWIFT_VERSION = 4.0;
			};
			name = Release;
		};
/* End XCBuildConfiguration section */

/* Begin XCConfigurationList section */
		FAA058C42195C6C200425EBC /* Build configuration list for PBXProject "exercices" */ = {
			isa = XCConfigurationList;
			buildConfigurations = (
				FAA058CE2195C6C200425EBC /* Debug */,
				FAA058CF2195C6C200425EBC /* Release */,
			);
			defaultConfigurationIsVisible = 0;
			defaultConfigurationName = Release;
		};
		FAA058D02195C6C200425EBC /* Build configuration list for PBXNativeTarget "exercices" */ = {
			isa = XCConfigurationList;
			buildConfigurations = (
				FAA058D12195C6C200425EBC /* Debug */,
				FAA058D22195C6C200425EBC /* Release */,
			);
			defaultConfigurationIsVisible = 0;
			defaultConfigurationName = Release;
		};
/* End XCConfigurationList section */
	};
	rootObject = FAA058C12195C6C200425EBC /* Project object */;
}
